{
    "_meta": {
        "hash": {
            "sha256": "9739409bc1e80f55ad99342b5be5171e73c5872cda13dbf6d3fd6ca58dd910d3"
        },
        "pipfile-spec": 6,
        "requires": {
            "python_version": "3.12"
        },
        "sources": [
            {
                "name": "pip_conf_index_global",
                "url": "http://mirrors.aliyun.com/pypi/simple/",
                "verify_ssl": false
            }
        ]
    },
    "default": {
        "aiofiles": {
            "hashes": [
                "sha256:19297512c647d4b27a2cf7c34caa7e405c0d60b5560618a29a9fe027b18b0107",
                "sha256:84ec2218d8419404abcb9f0c02df3f34c6e0a68ed41072acfb1cef5cbc29051a"
            ],
            "markers": "python_version >= '3.7'",
            "version": "==23.2.1"
        },
        "anyio": {
            "hashes": [
                "sha256:048e05d0f6caeed70d731f3db756d35dcc1f35747c8c403364a8332c630441b8",
                "sha256:f75253795a87df48568485fd18cdd2a3fa5c4f7c5be8e5e36637733fce06fed6"
            ],
            "markers": "python_version >= '3.8'",
            "version": "==4.3.0"
        },
        "chardet": {
            "hashes": [
                "sha256:1b3b6ff479a8c414bc3fa2c0852995695c4a026dcd6d0633b2dd092ca39c1cf7",
                "sha256:e1cf59446890a00105fe7b7912492ea04b6e6f06d4b742b2c788469e34c82970"
            ],
            "markers": "python_version >= '3.7'",
            "version": "==5.2.0"
        },
        "click": {
            "hashes": [
                "sha256:ae74fb96c20a0277a1d615f1e4d73c8414f5a98db8b799a7931d1582f3390c28",
                "sha256:ca9853ad459e787e2192211578cc907e7594e294c7ccc834310722b41b9ca6de"
            ],
            "markers": "python_version >= '3.7'",
            "version": "==8.1.7"
        },
        "frontend": {
            "hashes": [
                "sha256:9b36d7092892271431cd693eaca14767acbdbb67f6f6f38dc3e0ff15618c7109",
                "sha256:cdb5e76a0082b9cd3fa8331dbe44c86f007ab6d07c540551078f60318cd2e019"
            ],
            "index": "pip_conf_index_global",
            "markers": "python_version >= '3.8'",
            "version": "==0.0.3"
        },
        "h11": {
            "hashes": [
                "sha256:8f19fbbe99e72420ff35c00b27a34cb9937e902a8b810e2c88300c6f0a3b699d",
                "sha256:e3fe4ac4b851c468cc8363d500db52c2ead036020723024a109d37346efaa761"
            ],
            "markers": "python_version >= '3.7'",
            "version": "==0.14.0"
        },
        "idna": {
            "hashes": [
                "sha256:9ecdbbd083b06798ae1e86adcbfe8ab1479cf864e4ee30fe4e46a003d12491ca",
                "sha256:c05567e9c24a6b9faaa835c4821bad0590fbb9d5779e7caa6e1cc4978e7eb24f"
            ],
            "markers": "python_version >= '3.5'",
            "version": "==3.6"
        },
        "itsdangerous": {
            "hashes": [
                "sha256:2c2349112351b88699d8d4b6b075022c0808887cb7ad10069318a8b0bc88db44",
                "sha256:5dbbc68b317e5e42f327f9021763545dc3fc3bfe22e6deb96aaf1fc38874156a"
            ],
            "markers": "python_version >= '3.7'",
            "version": "==2.1.2"
        },
        "pillow": {
            "hashes": [
                "sha256:0304004f8067386b477d20a518b50f3fa658a28d44e4116970abfcd94fac34a8",
                "sha256:0689b5a8c5288bc0504d9fcee48f61a6a586b9b98514d7d29b840143d6734f39",
                "sha256:0eae2073305f451d8ecacb5474997c08569fb4eb4ac231ffa4ad7d342fdc25ac",
                "sha256:0fb3e7fc88a14eacd303e90481ad983fd5b69c761e9e6ef94c983f91025da869",
                "sha256:11fa2e5984b949b0dd6d7a94d967743d87c577ff0b83392f17cb3990d0d2fd6e",
                "sha256:127cee571038f252a552760076407f9cff79761c3d436a12af6000cd182a9d04",
                "sha256:154e939c5f0053a383de4fd3d3da48d9427a7e985f58af8e94d0b3c9fcfcf4f9",
                "sha256:15587643b9e5eb26c48e49a7b33659790d28f190fc514a322d55da2fb5c2950e",
                "sha256:170aeb00224ab3dc54230c797f8404507240dd868cf52066f66a41b33169bdbe",
                "sha256:1b5e1b74d1bd1b78bc3477528919414874748dd363e6272efd5abf7654e68bef",
                "sha256:1da3b2703afd040cf65ec97efea81cfba59cdbed9c11d8efc5ab09df9509fc56",
                "sha256:1e23412b5c41e58cec602f1135c57dfcf15482013ce6e5f093a86db69646a5aa",
                "sha256:2247178effb34a77c11c0e8ac355c7a741ceca0a732b27bf11e747bbc950722f",
                "sha256:257d8788df5ca62c980314053197f4d46eefedf4e6175bc9412f14412ec4ea2f",
                "sha256:3031709084b6e7852d00479fd1d310b07d0ba82765f973b543c8af5061cf990e",
                "sha256:322209c642aabdd6207517e9739c704dc9f9db943015535783239022002f054a",
                "sha256:322bdf3c9b556e9ffb18f93462e5f749d3444ce081290352c6070d014c93feb2",
                "sha256:33870dc4653c5017bf4c8873e5488d8f8d5f8935e2f1fb9a2208c47cdd66efd2",
                "sha256:35bb52c37f256f662abdfa49d2dfa6ce5d93281d323a9af377a120e89a9eafb5",
                "sha256:3c31822339516fb3c82d03f30e22b1d038da87ef27b6a78c9549888f8ceda39a",
                "sha256:3eedd52442c0a5ff4f887fab0c1c0bb164d8635b32c894bc1faf4c618dd89df2",
                "sha256:3ff074fc97dd4e80543a3e91f69d58889baf2002b6be64347ea8cf5533188213",
                "sha256:47c0995fc4e7f79b5cfcab1fc437ff2890b770440f7696a3ba065ee0fd496563",
                "sha256:49d9ba1ed0ef3e061088cd1e7538a0759aab559e2e0a80a36f9fd9d8c0c21591",
                "sha256:51f1a1bffc50e2e9492e87d8e09a17c5eea8409cda8d3f277eb6edc82813c17c",
                "sha256:52a50aa3fb3acb9cf7213573ef55d31d6eca37f5709c69e6858fe3bc04a5c2a2",
                "sha256:54f1852cd531aa981bc0965b7d609f5f6cc8ce8c41b1139f6ed6b3c54ab82bfb",
                "sha256:609448742444d9290fd687940ac0b57fb35e6fd92bdb65386e08e99af60bf757",
                "sha256:69ffdd6120a4737710a9eee73e1d2e37db89b620f702754b8f6e62594471dee0",
                "sha256:6fad5ff2f13d69b7e74ce5b4ecd12cc0ec530fcee76356cac6742785ff71c452",
                "sha256:7049e301399273a0136ff39b84c3678e314f2158f50f517bc50285fb5ec847ad",
                "sha256:70c61d4c475835a19b3a5aa42492409878bbca7438554a1f89d20d58a7c75c01",
                "sha256:716d30ed977be8b37d3ef185fecb9e5a1d62d110dfbdcd1e2a122ab46fddb03f",
                "sha256:753cd8f2086b2b80180d9b3010dd4ed147efc167c90d3bf593fe2af21265e5a5",
                "sha256:773efe0603db30c281521a7c0214cad7836c03b8ccff897beae9b47c0b657d61",
                "sha256:7823bdd049099efa16e4246bdf15e5a13dbb18a51b68fa06d6c1d4d8b99a796e",
                "sha256:7c8f97e8e7a9009bcacbe3766a36175056c12f9a44e6e6f2d5caad06dcfbf03b",
                "sha256:823ef7a27cf86df6597fa0671066c1b596f69eba53efa3d1e1cb8b30f3533068",
                "sha256:8373c6c251f7ef8bda6675dd6d2b3a0fcc31edf1201266b5cf608b62a37407f9",
                "sha256:83b2021f2ade7d1ed556bc50a399127d7fb245e725aa0113ebd05cfe88aaf588",
                "sha256:870ea1ada0899fd0b79643990809323b389d4d1d46c192f97342eeb6ee0b8483",
                "sha256:8d12251f02d69d8310b046e82572ed486685c38f02176bd08baf216746eb947f",
                "sha256:9c23f307202661071d94b5e384e1e1dc7dfb972a28a2310e4ee16103e66ddb67",
                "sha256:9d189550615b4948f45252d7f005e53c2040cea1af5b60d6f79491a6e147eef7",
                "sha256:a086c2af425c5f62a65e12fbf385f7c9fcb8f107d0849dba5839461a129cf311",
                "sha256:a2b56ba36e05f973d450582fb015594aaa78834fefe8dfb8fcd79b93e64ba4c6",
                "sha256:aebb6044806f2e16ecc07b2a2637ee1ef67a11840a66752751714a0d924adf72",
                "sha256:b1b3020d90c2d8e1dae29cf3ce54f8094f7938460fb5ce8bc5c01450b01fbaf6",
                "sha256:b4b6b1e20608493548b1f32bce8cca185bf0480983890403d3b8753e44077129",
                "sha256:b6f491cdf80ae540738859d9766783e3b3c8e5bd37f5dfa0b76abdecc5081f13",
                "sha256:b792a349405fbc0163190fde0dc7b3fef3c9268292586cf5645598b48e63dc67",
                "sha256:b7c2286c23cd350b80d2fc9d424fc797575fb16f854b831d16fd47ceec078f2c",
                "sha256:babf5acfede515f176833ed6028754cbcd0d206f7f614ea3447d67c33be12516",
                "sha256:c365fd1703040de1ec284b176d6af5abe21b427cb3a5ff68e0759e1e313a5e7e",
                "sha256:c4225f5220f46b2fde568c74fca27ae9771536c2e29d7c04f4fb62c83275ac4e",
                "sha256:c570f24be1e468e3f0ce7ef56a89a60f0e05b30a3669a459e419c6eac2c35364",
                "sha256:c6dafac9e0f2b3c78df97e79af707cdc5ef8e88208d686a4847bab8266870023",
                "sha256:c8de2789052ed501dd829e9cae8d3dcce7acb4777ea4a479c14521c942d395b1",
                "sha256:cb28c753fd5eb3dd859b4ee95de66cc62af91bcff5db5f2571d32a520baf1f04",
                "sha256:cb4c38abeef13c61d6916f264d4845fab99d7b711be96c326b84df9e3e0ff62d",
                "sha256:d1b35bcd6c5543b9cb547dee3150c93008f8dd0f1fef78fc0cd2b141c5baf58a",
                "sha256:d8e6aeb9201e655354b3ad049cb77d19813ad4ece0df1249d3c793de3774f8c7",
                "sha256:d8ecd059fdaf60c1963c58ceb8997b32e9dc1b911f5da5307aab614f1ce5c2fb",
                "sha256:da2b52b37dad6d9ec64e653637a096905b258d2fc2b984c41ae7d08b938a67e4",
                "sha256:e87f0b2c78157e12d7686b27d63c070fd65d994e8ddae6f328e0dcf4a0cd007e",
                "sha256:edca80cbfb2b68d7b56930b84a0e45ae1694aeba0541f798e908a49d66b837f1",
                "sha256:f379abd2f1e3dddb2b61bc67977a6b5a0a3f7485538bcc6f39ec76163891ee48",
                "sha256:fe4c15f6c9285dc54ce6553a3ce908ed37c8f3825b5a51a15c91442bb955b868"
            ],
            "markers": "python_version >= '3.8'",
            "version": "==10.2.0"
        },
        "pymupdf": {
            "hashes": [
                "sha256:05e672ed3e82caca7ef02a88ace30130b1dd392a1190f03b2b58ffe7aa331400",
                "sha256:0bbb0cf6593e53524f3fc26fb5e6ead17c02c64791caec7c4afe61b677dedf80",
                "sha256:2dfc9e010669ae92fade6fb72aaea49ebe3b8dcd7ee4dcbbe50115abcaa4d3fe",
                "sha256:2eb701247d8e685a24e45899d1175f01a3ce5fc792a4431c91fbb68633b29298",
                "sha256:3f876533aa7f9a94bcd9a0225ce72571b7808260903fec1d95c120bc842fb52d",
                "sha256:42ad2b819b90ce1947e11b90ec5085889df0a2e3aa0207bc97ecacfc6157cabc",
                "sha256:52df831d46beb9ff494f5fba3e5d069af6d81f49abf6b6e799ee01f4f8fa6799",
                "sha256:5ef4360f20015673c20cf59b7e19afc97168795188c584254ed3778cde43ce77",
                "sha256:645a05321aecc8c45739f71f0eb574ce33138d19189582ffa5241fea3a8e2549",
                "sha256:6577e2f473625e2d0df5f5a3bf1e4519e94ae749733cc9937994d1b256687bfa",
                "sha256:734ee380b3abd038602be79114194a3cb74ac102b7c943bcb333104575922c50",
                "sha256:73fce034f2afea886a59ead2d0caedf27e2b2a8558b5da16d0286882e0b1eb82",
                "sha256:879e7f5ad35709d8760ab6103c3d5dac8ab8043a856ab3653fd324af7358ee87",
                "sha256:92b3c4dd4d0491d495f333be2d41f4e1c155a409bc9d04b5ff29655dccbf4655",
                "sha256:97b40bb22e3056874634617a90e0ed24a5172cf71791b9e25d1d91c6743bc567",
                "sha256:99607649f89a02bba7d8ebe96e2410664316adc95e9337f7dfeff6a154f93049",
                "sha256:9f7f4ef99dd8ac97fb0b852efa3dcbee515798078b6c79a6a13c7b1e7c5d41a4",
                "sha256:a217689ede18cc6991b4e6a78afee8a440b3075d53b9dec4ba5ef7487d4547e9",
                "sha256:a904261b317b761b0aa2bd2c1f6cd25d25aa4258be67a90c02a878efc5dca649",
                "sha256:b22f8d854f8196ad5b20308c1cebad3d5189ed9f0988acbafa043947ea7e6c55",
                "sha256:b3de8618b7cb5b36db611083840b3bcf09b11a893e2d8262f4e042102c7e65de",
                "sha256:ba9a54552c7afb9ec85432c765e2fa9a81413acfaa7d70db7c9b528297749e5b",
                "sha256:bb42d4b8407b4de7cb58c28f01449f16f32a6daed88afb41108f1aeb3552bdd4",
                "sha256:c40d044411615e6f0baa7d3d933b3032cf97e168c7fa77d1be8a46008c109aee",
                "sha256:cc0f794e3466bc96b5bf79d42fbc1551428751e3fef38ebc10ac70396b676144",
                "sha256:d7cd88842b2e7f4c71eef4d87c98c35646b80b60e6375392d7ce40e519261f59",
                "sha256:deee96c2fd415ded7b5070d8d5b2c60679aee6ed0e28ac0d2cb998060d835c2c",
                "sha256:e2804a64bb57da414781e312fb0561f6be67658ad57ed4a73dce008b23fc70a6",
                "sha256:f25aafd3e7fb9d7761a22acf2b67d704f04cc36d4dc33a3773f0eb3f4ec3606f",
                "sha256:fab8833559bc47ab26ce736f915b8fc1dd37c108049b90396f7cd5e1004d7593",
                "sha256:fbe1a3255b2cd0d769b2da2c4efdd0c0f30d4961a1aac02c0f75cf951b337aa4"
            ],
            "index": "pip_conf_index_global",
            "markers": "python_version >= '3.8'",
            "version": "==1.23.26"
        },
        "pymupdfb": {
            "hashes": [
                "sha256:01016dd33220cef4ecaf929d09fd27a584dc3ec3e5c9f4112dfe63613ea35135",
                "sha256:3ffa713ad18e816e584c8a5f569995c32d22f8ac76ab6e4a61f2d2983c4b73d9",
                "sha256:7c9c157281fdee9f296e666a323307dbf74cb38f017921bb131fa7bfcd39c2bd",
                "sha256:9085a1e2fbf16f2820f9f7ad3d25e85f81d9b9eb0409110c1670d4cf5a27a678",
                "sha256:cf50e814db91f2a2325219302fbac229a23682c372cf8232aabd51ea3f18210e",
                "sha256:d00e372452845aea624659c302d25e935052269fd3aafe26948301576d6f2ee8"
            ],
            "markers": "python_version >= '3.8'",
            "version": "==1.23.22"
        },
        "pypdf2": {
            "hashes": [
                "sha256:a74408f69ba6271f71b9352ef4ed03dc53a31aa404d29b5d31f53bfecfee1440",
                "sha256:d16e4205cfee272fbdc0568b68d82be796540b1537508cef59388f839c191928"
            ],
            "index": "pip_conf_index_global",
            "markers": "python_version >= '3.6'",
            "version": "==3.0.1"
        },
        "reportlab": {
            "hashes": [
                "sha256:28a40d5000afbd8ccae15a47f7abe2841768461354bede1a9d42841132997c98",
                "sha256:3a99faf412691159c068b3ff01c15307ce2fd2cf6b860199434874e002040a84"
            ],
            "index": "pip_conf_index_global",
            "markers": "python_version >= '3.7' and python_version < '4'",
            "version": "==4.1.0"
        },
        "sniffio": {
            "hashes": [
                "sha256:2f6da418d1f1e0fddd844478f41680e794e6051915791a034ff65e5f100525a2",
                "sha256:f4324edc670a0f49750a81b895f35c3adb843cca46f0530f79fc1babb23789dc"
            ],
            "markers": "python_version >= '3.7'",
            "version": "==1.3.1"
        },
        "starlette": {
            "hashes": [
                "sha256:6fe59f29268538e5d0d182f2791a479a0c64638e6935d1c6989e63fb2699c6ee",
                "sha256:9af890290133b79fc3db55474ade20f6220a364a0402e0b556e7cd5e1e093823"
            ],
            "markers": "python_version >= '3.8'",
            "version": "==0.37.2"
        },
        "uvicorn": {
            "hashes": [
                "sha256:3d9a267296243532db80c83a959a3400502165ade2c1338dea4e67915fd4745a",
                "sha256:5c89da2f3895767472a35556e539fd59f7edbe9b1e9c0e1c99eebeadc61838e4"
            ],
            "markers": "python_version >= '3.8'",
            "version": "==0.27.1"
        }
    },
    "develop": {}
}
